// !$*UTF8*$!
{
	archiveVersion = 1;
	classes = {
	};
	objectVersion = 56;
	objects = {

/* Begin PBXBuildFile section */
		3410D9662B07125600D32744 /* GroupViewController.swift in Sources */ = {isa = PBXBuildFile; fileRef = 3410D9652B07125600D32744 /* GroupViewController.swift */; };
		3410D9682B07129800D32744 /* DetailViewController.swift in Sources */ = {isa = PBXBuildFile; fileRef = 3410D9672B07129800D32744 /* DetailViewController.swift */; };
		3410D96A2B07665700D32744 /* SelectedViewController.swift in Sources */ = {isa = PBXBuildFile; fileRef = 3410D9692B07665700D32744 /* SelectedViewController.swift */; };
		3410D96C2B08747200D32744 /* TrolleyViewController.swift in Sources */ = {isa = PBXBuildFile; fileRef = 3410D96B2B08747200D32744 /* TrolleyViewController.swift */; };
		3410D9712B0888E800D32744 /* Data.swift in Sources */ = {isa = PBXBuildFile; fileRef = 3410D9702B0888E800D32744 /* Data.swift */; };
		3410D9732B08890300D32744 /* Setting.swift in Sources */ = {isa = PBXBuildFile; fileRef = 3410D9722B08890300D32744 /* Setting.swift */; };
		3410D9772B08B3C800D32744 /* FirebaseManager.swift in Sources */ = {isa = PBXBuildFile; fileRef = 3410D9762B08B3C800D32744 /* FirebaseManager.swift */; };
		3410D9792B08ECBB00D32744 /* CartManager.swift in Sources */ = {isa = PBXBuildFile; fileRef = 3410D9782B08ECBB00D32744 /* CartManager.swift */; };
		3410D97B2B0916C700D32744 /* ProfileViewController.swift in Sources */ = {isa = PBXBuildFile; fileRef = 3410D97A2B0916C700D32744 /* ProfileViewController.swift */; };
		3410D97D2B09BA0400D32744 /* ChatViewController.swift in Sources */ = {isa = PBXBuildFile; fileRef = 3410D97C2B09BA0400D32744 /* ChatViewController.swift */; };
		3410D97F2B09C05600D32744 /* WebSocketManager.swift in Sources */ = {isa = PBXBuildFile; fileRef = 3410D97E2B09C05600D32744 /* WebSocketManager.swift */; };
		3410D9852B0B5EAE00D32744 /* FirestoreService.swift in Sources */ = {isa = PBXBuildFile; fileRef = 3410D9842B0B5EAE00D32744 /* FirestoreService.swift */; };
		3410D9872B0C42C600D32744 /* ChatListViewController.swift in Sources */ = {isa = PBXBuildFile; fileRef = 3410D9862B0C42C600D32744 /* ChatListViewController.swift */; };
		341E9B8C2B03629800997FE9 /* AppDelegate.swift in Sources */ = {isa = PBXBuildFile; fileRef = 341E9B8B2B03629800997FE9 /* AppDelegate.swift */; };
		341E9B8E2B03629800997FE9 /* SceneDelegate.swift in Sources */ = {isa = PBXBuildFile; fileRef = 341E9B8D2B03629800997FE9 /* SceneDelegate.swift */; };
		341E9B902B03629800997FE9 /* HomePageViewController.swift in Sources */ = {isa = PBXBuildFile; fileRef = 341E9B8F2B03629800997FE9 /* HomePageViewController.swift */; };
		341E9B932B03629800997FE9 /* Main.storyboard in Resources */ = {isa = PBXBuildFile; fileRef = 341E9B912B03629800997FE9 /* Main.storyboard */; };
		341E9B952B03629900997FE9 /* Assets.xcassets in Resources */ = {isa = PBXBuildFile; fileRef = 341E9B942B03629900997FE9 /* Assets.xcassets */; };
		341E9B982B03629900997FE9 /* LaunchScreen.storyboard in Resources */ = {isa = PBXBuildFile; fileRef = 341E9B962B03629900997FE9 /* LaunchScreen.storyboard */; };
		341E9BA22B0367B000997FE9 /* GoogleService-Info.plist in Resources */ = {isa = PBXBuildFile; fileRef = 341E9BA12B0367B000997FE9 /* GoogleService-Info.plist */; };
		34408F1C2B0EE73B005F8E03 /* ClassViewController.swift in Sources */ = {isa = PBXBuildFile; fileRef = 34408F1B2B0EE73B005F8E03 /* ClassViewController.swift */; };
		346DE7C72B05AB5C008D411A /* CreateViewController.swift in Sources */ = {isa = PBXBuildFile; fileRef = 346DE7C62B05AB5C008D411A /* CreateViewController.swift */; };
		346DE7C92B05AE4D008D411A /* CreateRequestViewController.swift in Sources */ = {isa = PBXBuildFile; fileRef = 346DE7C82B05AE4D008D411A /* CreateRequestViewController.swift */; };
		346DE7CB2B05FE48008D411A /* SearchViewController.swift in Sources */ = {isa = PBXBuildFile; fileRef = 346DE7CA2B05FE48008D411A /* SearchViewController.swift */; };
		346DE7CE2B063616008D411A /* LoginViewController.swift in Sources */ = {isa = PBXBuildFile; fileRef = 346DE7CD2B063616008D411A /* LoginViewController.swift */; };
		346DE7D02B065DA2008D411A /* CreateSupplyViewController.swift in Sources */ = {isa = PBXBuildFile; fileRef = 346DE7CF2B065DA2008D411A /* CreateSupplyViewController.swift */; };
		346DE7D22B065DB1008D411A /* CreateGroupViewController.swift in Sources */ = {isa = PBXBuildFile; fileRef = 346DE7D12B065DB1008D411A /* CreateGroupViewController.swift */; };
		CC99D844D6CD00D0115262BD /* Pods_ShareConnect.framework in Frameworks */ = {isa = PBXBuildFile; fileRef = 19192464EEB9831E46A38D35 /* Pods_ShareConnect.framework */; };
/* End PBXBuildFile section */

/* Begin PBXFileReference section */
		19192464EEB9831E46A38D35 /* Pods_ShareConnect.framework */ = {isa = PBXFileReference; explicitFileType = wrapper.framework; includeInIndex = 0; path = Pods_ShareConnect.framework; sourceTree = BUILT_PRODUCTS_DIR; };
		3410D9652B07125600D32744 /* GroupViewController.swift */ = {isa = PBXFileReference; lastKnownFileType = sourcecode.swift; path = GroupViewController.swift; sourceTree = "<group>"; };
		3410D9672B07129800D32744 /* DetailViewController.swift */ = {isa = PBXFileReference; lastKnownFileType = sourcecode.swift; path = DetailViewController.swift; sourceTree = "<group>"; };
		3410D9692B07665700D32744 /* SelectedViewController.swift */ = {isa = PBXFileReference; lastKnownFileType = sourcecode.swift; path = SelectedViewController.swift; sourceTree = "<group>"; };
		3410D96B2B08747200D32744 /* TrolleyViewController.swift */ = {isa = PBXFileReference; lastKnownFileType = sourcecode.swift; path = TrolleyViewController.swift; sourceTree = "<group>"; };
		3410D9702B0888E800D32744 /* Data.swift */ = {isa = PBXFileReference; lastKnownFileType = sourcecode.swift; path = Data.swift; sourceTree = "<group>"; };
		3410D9722B08890300D32744 /* Setting.swift */ = {isa = PBXFileReference; lastKnownFileType = sourcecode.swift; path = Setting.swift; sourceTree = "<group>"; };
		3410D9762B08B3C800D32744 /* FirebaseManager.swift */ = {isa = PBXFileReference; fileEncoding = 4; lastKnownFileType = sourcecode.swift; path = FirebaseManager.swift; sourceTree = "<group>"; };
		3410D9782B08ECBB00D32744 /* CartManager.swift */ = {isa = PBXFileReference; lastKnownFileType = sourcecode.swift; path = CartManager.swift; sourceTree = "<group>"; };
		3410D97A2B0916C700D32744 /* ProfileViewController.swift */ = {isa = PBXFileReference; lastKnownFileType = sourcecode.swift; path = ProfileViewController.swift; sourceTree = "<group>"; };
		3410D97C2B09BA0400D32744 /* ChatViewController.swift */ = {isa = PBXFileReference; lastKnownFileType = sourcecode.swift; path = ChatViewController.swift; sourceTree = "<group>"; };
		3410D97E2B09C05600D32744 /* WebSocketManager.swift */ = {isa = PBXFileReference; lastKnownFileType = sourcecode.swift; path = WebSocketManager.swift; sourceTree = "<group>"; };
		3410D9842B0B5EAE00D32744 /* FirestoreService.swift */ = {isa = PBXFileReference; lastKnownFileType = sourcecode.swift; path = FirestoreService.swift; sourceTree = "<group>"; };
		3410D9862B0C42C600D32744 /* ChatListViewController.swift */ = {isa = PBXFileReference; lastKnownFileType = sourcecode.swift; path = ChatListViewController.swift; sourceTree = "<group>"; };
		341E9B882B03629800997FE9 /* ShareConnect.app */ = {isa = PBXFileReference; explicitFileType = wrapper.application; includeInIndex = 0; path = ShareConnect.app; sourceTree = BUILT_PRODUCTS_DIR; };
		341E9B8B2B03629800997FE9 /* AppDelegate.swift */ = {isa = PBXFileReference; lastKnownFileType = sourcecode.swift; path = AppDelegate.swift; sourceTree = "<group>"; };
		341E9B8D2B03629800997FE9 /* SceneDelegate.swift */ = {isa = PBXFileReference; lastKnownFileType = sourcecode.swift; path = SceneDelegate.swift; sourceTree = "<group>"; };
		341E9B8F2B03629800997FE9 /* HomePageViewController.swift */ = {isa = PBXFileReference; lastKnownFileType = sourcecode.swift; path = HomePageViewController.swift; sourceTree = "<group>"; };
		341E9B922B03629800997FE9 /* Base */ = {isa = PBXFileReference; lastKnownFileType = file.storyboard; name = Base; path = Base.lproj/Main.storyboard; sourceTree = "<group>"; };
		341E9B942B03629900997FE9 /* Assets.xcassets */ = {isa = PBXFileReference; lastKnownFileType = folder.assetcatalog; path = Assets.xcassets; sourceTree = "<group>"; };
		341E9B972B03629900997FE9 /* Base */ = {isa = PBXFileReference; lastKnownFileType = file.storyboard; name = Base; path = Base.lproj/LaunchScreen.storyboard; sourceTree = "<group>"; };
		341E9B992B03629900997FE9 /* Info.plist */ = {isa = PBXFileReference; lastKnownFileType = text.plist.xml; path = Info.plist; sourceTree = "<group>"; };
		341E9BA12B0367B000997FE9 /* GoogleService-Info.plist */ = {isa = PBXFileReference; fileEncoding = 4; lastKnownFileType = text.plist.xml; path = "GoogleService-Info.plist"; sourceTree = "<group>"; };
		34408F1B2B0EE73B005F8E03 /* ClassViewController.swift */ = {isa = PBXFileReference; lastKnownFileType = sourcecode.swift; path = ClassViewController.swift; sourceTree = "<group>"; };
		346DE7C62B05AB5C008D411A /* CreateViewController.swift */ = {isa = PBXFileReference; lastKnownFileType = sourcecode.swift; path = CreateViewController.swift; sourceTree = "<group>"; };
		346DE7C82B05AE4D008D411A /* CreateRequestViewController.swift */ = {isa = PBXFileReference; lastKnownFileType = sourcecode.swift; path = CreateRequestViewController.swift; sourceTree = "<group>"; };
		346DE7CA2B05FE48008D411A /* SearchViewController.swift */ = {isa = PBXFileReference; lastKnownFileType = sourcecode.swift; path = SearchViewController.swift; sourceTree = "<group>"; };
		346DE7CD2B063616008D411A /* LoginViewController.swift */ = {isa = PBXFileReference; lastKnownFileType = sourcecode.swift; path = LoginViewController.swift; sourceTree = "<group>"; };
		346DE7CF2B065DA2008D411A /* CreateSupplyViewController.swift */ = {isa = PBXFileReference; lastKnownFileType = sourcecode.swift; path = CreateSupplyViewController.swift; sourceTree = "<group>"; };
		346DE7D12B065DB1008D411A /* CreateGroupViewController.swift */ = {isa = PBXFileReference; lastKnownFileType = sourcecode.swift; path = CreateGroupViewController.swift; sourceTree = "<group>"; };
		D7AAC5A05BCEF95BCA4A2B9B /* Pods-ShareConnect.release.xcconfig */ = {isa = PBXFileReference; includeInIndex = 1; lastKnownFileType = text.xcconfig; name = "Pods-ShareConnect.release.xcconfig"; path = "Target Support Files/Pods-ShareConnect/Pods-ShareConnect.release.xcconfig"; sourceTree = "<group>"; };
		E0D3BC877A1806FFBEA6A27A /* Pods-ShareConnect.debug.xcconfig */ = {isa = PBXFileReference; includeInIndex = 1; lastKnownFileType = text.xcconfig; name = "Pods-ShareConnect.debug.xcconfig"; path = "Target Support Files/Pods-ShareConnect/Pods-ShareConnect.debug.xcconfig"; sourceTree = "<group>"; };
/* End PBXFileReference section */

/* Begin PBXFrameworksBuildPhase section */
		341E9B852B03629800997FE9 /* Frameworks */ = {
			isa = PBXFrameworksBuildPhase;
			buildActionMask = 2147483647;
			files = (
				CC99D844D6CD00D0115262BD /* Pods_ShareConnect.framework in Frameworks */,
			);
			runOnlyForDeploymentPostprocessing = 0;
		};
/* End PBXFrameworksBuildPhase section */

/* Begin PBXGroup section */
		3410D9752B08B39900D32744 /* Module */ = {
			isa = PBXGroup;
			children = (
				3410D9762B08B3C800D32744 /* FirebaseManager.swift */,
				3410D9842B0B5EAE00D32744 /* FirestoreService.swift */,
				3410D9782B08ECBB00D32744 /* CartManager.swift */,
				3410D97E2B09C05600D32744 /* WebSocketManager.swift */,
				3410D9702B0888E800D32744 /* Data.swift */,
				3410D9722B08890300D32744 /* Setting.swift */,
			);
			path = Module;
			sourceTree = "<group>";
		};
		341E9B7F2B03629800997FE9 = {
			isa = PBXGroup;
			children = (
				341E9B8A2B03629800997FE9 /* ShareConnect */,
				341E9B892B03629800997FE9 /* Products */,
				FC60E73B1D774817050E1125 /* Pods */,
				566C17A71A2A2E1594CD68CD /* Frameworks */,
			);
			sourceTree = "<group>";
		};
		341E9B892B03629800997FE9 /* Products */ = {
			isa = PBXGroup;
			children = (
				341E9B882B03629800997FE9 /* ShareConnect.app */,
			);
			name = Products;
			sourceTree = "<group>";
		};
		341E9B8A2B03629800997FE9 /* ShareConnect */ = {
			isa = PBXGroup;
			children = (
				3410D9752B08B39900D32744 /* Module */,
				341E9B8B2B03629800997FE9 /* AppDelegate.swift */,
				341E9B8D2B03629800997FE9 /* SceneDelegate.swift */,
				341E9B8F2B03629800997FE9 /* HomePageViewController.swift */,
				346DE7CA2B05FE48008D411A /* SearchViewController.swift */,
				346DE7C62B05AB5C008D411A /* CreateViewController.swift */,
				34408F1B2B0EE73B005F8E03 /* ClassViewController.swift */,
				3410D9652B07125600D32744 /* GroupViewController.swift */,
				3410D9672B07129800D32744 /* DetailViewController.swift */,
				3410D97A2B0916C700D32744 /* ProfileViewController.swift */,
				3410D9692B07665700D32744 /* SelectedViewController.swift */,
				3410D96B2B08747200D32744 /* TrolleyViewController.swift */,
				3410D97C2B09BA0400D32744 /* ChatViewController.swift */,
				3410D9862B0C42C600D32744 /* ChatListViewController.swift */,
				346DE7D12B065DB1008D411A /* CreateGroupViewController.swift */,
				346DE7CF2B065DA2008D411A /* CreateSupplyViewController.swift */,
				346DE7C82B05AE4D008D411A /* CreateRequestViewController.swift */,
				346DE7CD2B063616008D411A /* LoginViewController.swift */,
				341E9B912B03629800997FE9 /* Main.storyboard */,
				341E9B942B03629900997FE9 /* Assets.xcassets */,
				341E9B962B03629900997FE9 /* LaunchScreen.storyboard */,
				341E9B992B03629900997FE9 /* Info.plist */,
				341E9BA12B0367B000997FE9 /* GoogleService-Info.plist */,
			);
			path = ShareConnect;
			sourceTree = "<group>";
		};
		566C17A71A2A2E1594CD68CD /* Frameworks */ = {
			isa = PBXGroup;
			children = (
				19192464EEB9831E46A38D35 /* Pods_ShareConnect.framework */,
			);
			name = Frameworks;
			sourceTree = "<group>";
		};
		FC60E73B1D774817050E1125 /* Pods */ = {
			isa = PBXGroup;
			children = (
				E0D3BC877A1806FFBEA6A27A /* Pods-ShareConnect.debug.xcconfig */,
				D7AAC5A05BCEF95BCA4A2B9B /* Pods-ShareConnect.release.xcconfig */,
			);
			path = Pods;
			sourceTree = "<group>";
		};
/* End PBXGroup section */

/* Begin PBXNativeTarget section */
		341E9B872B03629800997FE9 /* ShareConnect */ = {
			isa = PBXNativeTarget;
			buildConfigurationList = 341E9B9C2B03629900997FE9 /* Build configuration list for PBXNativeTarget "ShareConnect" */;
			buildPhases = (
				6CF274AC87B8E18939DD2070 /* [CP] Check Pods Manifest.lock */,
				341E9B842B03629800997FE9 /* Sources */,
				341E9B852B03629800997FE9 /* Frameworks */,
				341E9B862B03629800997FE9 /* Resources */,
				C905B8011B3E748B8851B606 /* [CP] Embed Pods Frameworks */,
				341E9BA32B04C0BA00997FE9 /* ShellScript */,
			);
			buildRules = (
			);
			dependencies = (
			);
			name = ShareConnect;
			productName = ShareConnect;
			productReference = 341E9B882B03629800997FE9 /* ShareConnect.app */;
			productType = "com.apple.product-type.application";
		};
/* End PBXNativeTarget section */

/* Begin PBXProject section */
		341E9B802B03629800997FE9 /* Project object */ = {
			isa = PBXProject;
			attributes = {
				BuildIndependentTargetsInParallel = 1;
				LastSwiftUpdateCheck = 1400;
				LastUpgradeCheck = 1400;
				TargetAttributes = {
					341E9B872B03629800997FE9 = {
						CreatedOnToolsVersion = 14.0.1;
					};
				};
			};
			buildConfigurationList = 341E9B832B03629800997FE9 /* Build configuration list for PBXProject "ShareConnect" */;
			compatibilityVersion = "Xcode 14.0";
			developmentRegion = en;
			hasScannedForEncodings = 0;
			knownRegions = (
				en,
				Base,
			);
			mainGroup = 341E9B7F2B03629800997FE9;
			productRefGroup = 341E9B892B03629800997FE9 /* Products */;
			projectDirPath = "";
			projectRoot = "";
			targets = (
				341E9B872B03629800997FE9 /* ShareConnect */,
			);
		};
/* End PBXProject section */

/* Begin PBXResourcesBuildPhase section */
		341E9B862B03629800997FE9 /* Resources */ = {
			isa = PBXResourcesBuildPhase;
			buildActionMask = 2147483647;
			files = (
				341E9B982B03629900997FE9 /* LaunchScreen.storyboard in Resources */,
				341E9BA22B0367B000997FE9 /* GoogleService-Info.plist in Resources */,
				341E9B952B03629900997FE9 /* Assets.xcassets in Resources */,
				341E9B932B03629800997FE9 /* Main.storyboard in Resources */,
			);
			runOnlyForDeploymentPostprocessing = 0;
		};
/* End PBXResourcesBuildPhase section */

/* Begin PBXShellScriptBuildPhase section */
		341E9BA32B04C0BA00997FE9 /* ShellScript */ = {
			isa = PBXShellScriptBuildPhase;
			buildActionMask = 2147483647;
			files = (
			);
			inputFileListPaths = (
			);
			inputPaths = (
			);
			outputFileListPaths = (
			);
			outputPaths = (
			);
			runOnlyForDeploymentPostprocessing = 0;
			shellPath = /bin/sh;
			shellScript = "# Type a script or drag a script file from your workspace to insert its path.\n\n\"${PODS_ROOT}/SwiftLint/swiftlint\"\n";
		};
		6CF274AC87B8E18939DD2070 /* [CP] Check Pods Manifest.lock */ = {
			isa = PBXShellScriptBuildPhase;
			buildActionMask = 2147483647;
			files = (
			);
			inputFileListPaths = (
			);
			inputPaths = (
				"${PODS_PODFILE_DIR_PATH}/Podfile.lock",
				"${PODS_ROOT}/Manifest.lock",
			);
			name = "[CP] Check Pods Manifest.lock";
			outputFileListPaths = (
			);
			outputPaths = (
				"$(DERIVED_FILE_DIR)/Pods-ShareConnect-checkManifestLockResult.txt",
			);
			runOnlyForDeploymentPostprocessing = 0;
			shellPath = /bin/sh;
			shellScript = "diff \"${PODS_PODFILE_DIR_PATH}/Podfile.lock\" \"${PODS_ROOT}/Manifest.lock\" > /dev/null\nif [ $? != 0 ] ; then\n    # print error to STDERR\n    echo \"error: The sandbox is not in sync with the Podfile.lock. Run 'pod install' or update your CocoaPods installation.\" >&2\n    exit 1\nfi\n# This output is used by Xcode 'outputs' to avoid re-running this script phase.\necho \"SUCCESS\" > \"${SCRIPT_OUTPUT_FILE_0}\"\n";
			showEnvVarsInLog = 0;
		};
		C905B8011B3E748B8851B606 /* [CP] Embed Pods Frameworks */ = {
			isa = PBXShellScriptBuildPhase;
			buildActionMask = 2147483647;
			files = (
			);
			inputFileListPaths = (
				"${PODS_ROOT}/Target Support Files/Pods-ShareConnect/Pods-ShareConnect-frameworks-${CONFIGURATION}-input-files.xcfilelist",
			);
			name = "[CP] Embed Pods Frameworks";
			outputFileListPaths = (
				"${PODS_ROOT}/Target Support Files/Pods-ShareConnect/Pods-ShareConnect-frameworks-${CONFIGURATION}-output-files.xcfilelist",
			);
			runOnlyForDeploymentPostprocessing = 0;
			shellPath = /bin/sh;
			shellScript = "\"${PODS_ROOT}/Target Support Files/Pods-ShareConnect/Pods-ShareConnect-frameworks.sh\"\n";
			showEnvVarsInLog = 0;
		};
/* End PBXShellScriptBuildPhase section */

/* Begin PBXSourcesBuildPhase section */
		341E9B842B03629800997FE9 /* Sources */ = {
			isa = PBXSourcesBuildPhase;
			buildActionMask = 2147483647;
			files = (
				3410D9792B08ECBB00D32744 /* CartManager.swift in Sources */,
				3410D9682B07129800D32744 /* DetailViewController.swift in Sources */,
				346DE7CE2B063616008D411A /* LoginViewController.swift in Sources */,
				3410D96C2B08747200D32744 /* TrolleyViewController.swift in Sources */,
				346DE7CB2B05FE48008D411A /* SearchViewController.swift in Sources */,
				346DE7C72B05AB5C008D411A /* CreateViewController.swift in Sources */,
				34408F1C2B0EE73B005F8E03 /* ClassViewController.swift in Sources */,
				3410D97B2B0916C700D32744 /* ProfileViewController.swift in Sources */,
				3410D9852B0B5EAE00D32744 /* FirestoreService.swift in Sources */,
				3410D9732B08890300D32744 /* Setting.swift in Sources */,
				341E9B902B03629800997FE9 /* HomePageViewController.swift in Sources */,
				3410D9872B0C42C600D32744 /* ChatListViewController.swift in Sources */,
				3410D9662B07125600D32744 /* GroupViewController.swift in Sources */,
				3410D9712B0888E800D32744 /* Data.swift in Sources */,
				3410D97F2B09C05600D32744 /* WebSocketManager.swift in Sources */,
				3410D97D2B09BA0400D32744 /* ChatViewController.swift in Sources */,
				341E9B8C2B03629800997FE9 /* AppDelegate.swift in Sources */,
				3410D96A2B07665700D32744 /* SelectedViewController.swift in Sources */,
				346DE7D22B065DB1008D411A /* CreateGroupViewController.swift in Sources */,
				3410D9772B08B3C800D32744 /* FirebaseManager.swift in Sources */,
				346DE7C92B05AE4D008D411A /* CreateRequestViewController.swift in Sources */,
				346DE7D02B065DA2008D411A /* CreateSupplyViewController.swift in Sources */,
				341E9B8E2B03629800997FE9 /* SceneDelegate.swift in Sources */,
			);
			runOnlyForDeploymentPostprocessing = 0;
		};
/* End PBXSourcesBuildPhase section */

/* Begin PBXVariantGroup section */
		341E9B912B03629800997FE9 /* Main.storyboard */ = {
			isa = PBXVariantGroup;
			children = (
				341E9B922B03629800997FE9 /* Base */,
			);
			name = Main.storyboard;
			sourceTree = "<group>";
		};
		341E9B962B03629900997FE9 /* LaunchScreen.storyboard */ = {
			isa = PBXVariantGroup;
			children = (
				341E9B972B03629900997FE9 /* Base */,
			);
			name = LaunchScreen.storyboard;
			sourceTree = "<group>";
		};
/* End PBXVariantGroup section */

/* Begin XCBuildConfiguration section */
		341E9B9A2B03629900997FE9 /* Debug */ = {
			isa = XCBuildConfiguration;
			buildSettings = {
				ALWAYS_SEARCH_USER_PATHS = NO;
				CLANG_ANALYZER_NONNULL = YES;
				CLANG_ANALYZER_NUMBER_OBJECT_CONVERSION = YES_AGGRESSIVE;
				CLANG_CXX_LANGUAGE_STANDARD = "gnu++20";
				CLANG_ENABLE_MODULES = YES;
				CLANG_ENABLE_OBJC_ARC = YES;
				CLANG_ENABLE_OBJC_WEAK = YES;
				CLANG_WARN_BLOCK_CAPTURE_AUTORELEASING = YES;
				CLANG_WARN_BOOL_CONVERSION = YES;
				CLANG_WARN_COMMA = YES;
				CLANG_WARN_CONSTANT_CONVERSION = YES;
				CLANG_WARN_DEPRECATED_OBJC_IMPLEMENTATIONS = YES;
				CLANG_WARN_DIRECT_OBJC_ISA_USAGE = YES_ERROR;
				CLANG_WARN_DOCUMENTATION_COMMENTS = YES;
				CLANG_WARN_EMPTY_BODY = YES;
				CLANG_WARN_ENUM_CONVERSION = YES;
				CLANG_WARN_INFINITE_RECURSION = YES;
				CLANG_WARN_INT_CONVERSION = YES;
				CLANG_WARN_NON_LITERAL_NULL_CONVERSION = YES;
				CLANG_WARN_OBJC_IMPLICIT_RETAIN_SELF = YES;
				CLANG_WARN_OBJC_LITERAL_CONVERSION = YES;
				CLANG_WARN_OBJC_ROOT_CLASS = YES_ERROR;
				CLANG_WARN_QUOTED_INCLUDE_IN_FRAMEWORK_HEADER = YES;
				CLANG_WARN_RANGE_LOOP_ANALYSIS = YES;
				CLANG_WARN_STRICT_PROTOTYPES = YES;
				CLANG_WARN_SUSPICIOUS_MOVE = YES;
				CLANG_WARN_UNGUARDED_AVAILABILITY = YES_AGGRESSIVE;
				CLANG_WARN_UNREACHABLE_CODE = YES;
				CLANG_WARN__DUPLICATE_METHOD_MATCH = YES;
				COPY_PHASE_STRIP = NO;
				DEBUG_INFORMATION_FORMAT = dwarf;
				ENABLE_STRICT_OBJC_MSGSEND = YES;
				ENABLE_TESTABILITY = YES;
				GCC_C_LANGUAGE_STANDARD = gnu11;
				GCC_DYNAMIC_NO_PIC = NO;
				GCC_NO_COMMON_BLOCKS = YES;
				GCC_OPTIMIZATION_LEVEL = 0;
				GCC_PREPROCESSOR_DEFINITIONS = (
					"DEBUG=1",
					"$(inherited)",
				);
				GCC_WARN_64_TO_32_BIT_CONVERSION = YES;
				GCC_WARN_ABOUT_RETURN_TYPE = YES_ERROR;
				GCC_WARN_UNDECLARED_SELECTOR = YES;
				GCC_WARN_UNINITIALIZED_AUTOS = YES_AGGRESSIVE;
				GCC_WARN_UNUSED_FUNCTION = YES;
				GCC_WARN_UNUSED_VARIABLE = YES;
				IPHONEOS_DEPLOYMENT_TARGET = 16.0;
				MTL_ENABLE_DEBUG_INFO = INCLUDE_SOURCE;
				MTL_FAST_MATH = YES;
				ONLY_ACTIVE_ARCH = YES;
				SDKROOT = iphoneos;
				SWIFT_ACTIVE_COMPILATION_CONDITIONS = DEBUG;
				SWIFT_OPTIMIZATION_LEVEL = "-Onone";
			};
			name = Debug;
		};
		341E9B9B2B03629900997FE9 /* Release */ = {
			isa = XCBuildConfiguration;
			buildSettings = {
				ALWAYS_SEARCH_USER_PATHS = NO;
				CLANG_ANALYZER_NONNULL = YES;
				CLANG_ANALYZER_NUMBER_OBJECT_CONVERSION = YES_AGGRESSIVE;
				CLANG_CXX_LANGUAGE_STANDARD = "gnu++20";
				CLANG_ENABLE_MODULES = YES;
				CLANG_ENABLE_OBJC_ARC = YES;
				CLANG_ENABLE_OBJC_WEAK = YES;
				CLANG_WARN_BLOCK_CAPTURE_AUTORELEASING = YES;
				CLANG_WARN_BOOL_CONVERSION = YES;
				CLANG_WARN_COMMA = YES;
				CLANG_WARN_CONSTANT_CONVERSION = YES;
				CLANG_WARN_DEPRECATED_OBJC_IMPLEMENTATIONS = YES;
				CLANG_WARN_DIRECT_OBJC_ISA_USAGE = YES_ERROR;
				CLANG_WARN_DOCUMENTATION_COMMENTS = YES;
				CLANG_WARN_EMPTY_BODY = YES;
				CLANG_WARN_ENUM_CONVERSION = YES;
				CLANG_WARN_INFINITE_RECURSION = YES;
				CLANG_WARN_INT_CONVERSION = YES;
				CLANG_WARN_NON_LITERAL_NULL_CONVERSION = YES;
				CLANG_WARN_OBJC_IMPLICIT_RETAIN_SELF = YES;
				CLANG_WARN_OBJC_LITERAL_CONVERSION = YES;
				CLANG_WARN_OBJC_ROOT_CLASS = YES_ERROR;
				CLANG_WARN_QUOTED_INCLUDE_IN_FRAMEWORK_HEADER = YES;
				CLANG_WARN_RANGE_LOOP_ANALYSIS = YES;
				CLANG_WARN_STRICT_PROTOTYPES = YES;
				CLANG_WARN_SUSPICIOUS_MOVE = YES;
				CLANG_WARN_UNGUARDED_AVAILABILITY = YES_AGGRESSIVE;
				CLANG_WARN_UNREACHABLE_CODE = YES;
				CLANG_WARN__DUPLICATE_METHOD_MATCH = YES;
				COPY_PHASE_STRIP = NO;
				DEBUG_INFORMATION_FORMAT = "dwarf-with-dsym";
				ENABLE_NS_ASSERTIONS = NO;
				ENABLE_STRICT_OBJC_MSGSEND = YES;
				GCC_C_LANGUAGE_STANDARD = gnu11;
				GCC_NO_COMMON_BLOCKS = YES;
				GCC_WARN_64_TO_32_BIT_CONVERSION = YES;
				GCC_WARN_ABOUT_RETURN_TYPE = YES_ERROR;
				GCC_WARN_UNDECLARED_SELECTOR = YES;
				GCC_WARN_UNINITIALIZED_AUTOS = YES_AGGRESSIVE;
				GCC_WARN_UNUSED_FUNCTION = YES;
				GCC_WARN_UNUSED_VARIABLE = YES;
				IPHONEOS_DEPLOYMENT_TARGET = 16.0;
				MTL_ENABLE_DEBUG_INFO = NO;
				MTL_FAST_MATH = YES;
				SDKROOT = iphoneos;
				SWIFT_COMPILATION_MODE = wholemodule;
				SWIFT_OPTIMIZATION_LEVEL = "-O";
				VALIDATE_PRODUCT = YES;
			};
			name = Release;
		};
		341E9B9D2B03629900997FE9 /* Debug */ = {
			isa = XCBuildConfiguration;
			baseConfigurationReference = E0D3BC877A1806FFBEA6A27A /* Pods-ShareConnect.debug.xcconfig */;
			buildSettings = {
				ASSETCATALOG_COMPILER_APPICON_NAME = AppIcon;
				ASSETCATALOG_COMPILER_GLOBAL_ACCENT_COLOR_NAME = AccentColor;
				CODE_SIGN_STYLE = Automatic;
				CURRENT_PROJECT_VERSION = 1;
				GENERATE_INFOPLIST_FILE = YES;
				INFOPLIST_FILE = ShareConnect/Info.plist;
				INFOPLIST_KEY_UIApplicationSupportsIndirectInputEvents = YES;
				INFOPLIST_KEY_UILaunchStoryboardName = LaunchScreen;
				INFOPLIST_KEY_UIMainStoryboardFile = Main;
				INFOPLIST_KEY_UISupportedInterfaceOrientations_iPad = "UIInterfaceOrientationPortrait UIInterfaceOrientationPortraitUpsideDown UIInterfaceOrientationLandscapeLeft UIInterfaceOrientationLandscapeRight";
				INFOPLIST_KEY_UISupportedInterfaceOrientations_iPhone = "UIInterfaceOrientationPortrait UIInterfaceOrientationLandscapeLeft UIInterfaceOrientationLandscapeRight";
				LD_RUNPATH_SEARCH_PATHS = (
					"$(inherited)",
					"@executable_path/Frameworks",
				);
				MARKETING_VERSION = 1.0;
				PRODUCT_BUNDLE_IDENTIFIER = laijiaaa1.ShareConnect;
				PRODUCT_NAME = "$(TARGET_NAME)";
				SWIFT_EMIT_LOC_STRINGS = YES;
				SWIFT_VERSION = 5.0;
				TARGETED_DEVICE_FAMILY = "1,2";
			};
			name = Debug;
		};
		341E9B9E2B03629900997FE9 /* Release */ = {
			isa = XCBuildConfiguration;
			baseConfigurationReference = D7AAC5A05BCEF95BCA4A2B9B /* Pods-ShareConnect.release.xcconfig */;
			buildSettings = {
				ASSETCATALOG_COMPILER_APPICON_NAME = AppIcon;
				ASSETCATALOG_COMPILER_GLOBAL_ACCENT_COLOR_NAME = AccentColor;
				CODE_SIGN_STYLE = Automatic;
				CURRENT_PROJECT_VERSION = 1;
				GENERATE_INFOPLIST_FILE = YES;
				INFOPLIST_FILE = ShareConnect/Info.plist;
				INFOPLIST_KEY_UIApplicationSupportsIndirectInputEvents = YES;
				INFOPLIST_KEY_UILaunchStoryboardName = LaunchScreen;
				INFOPLIST_KEY_UIMainStoryboardFile = Main;
				INFOPLIST_KEY_UISupportedInterfaceOrientations_iPad = "UIInterfaceOrientationPortrait UIInterfaceOrientationPortraitUpsideDown UIInterfaceOrientationLandscapeLeft UIInterfaceOrientationLandscapeRight";
				INFOPLIST_KEY_UISupportedInterfaceOrientations_iPhone = "UIInterfaceOrientationPortrait UIInterfaceOrientationLandscapeLeft UIInterfaceOrientationLandscapeRight";
				LD_RUNPATH_SEARCH_PATHS = (
					"$(inherited)",
					"@executable_path/Frameworks",
				);
				MARKETING_VERSION = 1.0;
				PRODUCT_BUNDLE_IDENTIFIER = laijiaaa1.ShareConnect;
				PRODUCT_NAME = "$(TARGET_NAME)";
				SWIFT_EMIT_LOC_STRINGS = YES;
				SWIFT_VERSION = 5.0;
				TARGETED_DEVICE_FAMILY = "1,2";
			};
			name = Release;
		};
/* End XCBuildConfiguration section */

/* Begin XCConfigurationList section */
		341E9B832B03629800997FE9 /* Build configuration list for PBXProject "ShareConnect" */ = {
			isa = XCConfigurationList;
			buildConfigurations = (
				341E9B9A2B03629900997FE9 /* Debug */,
				341E9B9B2B03629900997FE9 /* Release */,
			);
			defaultConfigurationIsVisible = 0;
			defaultConfigurationName = Release;
		};
		341E9B9C2B03629900997FE9 /* Build configuration list for PBXNativeTarget "ShareConnect" */ = {
			isa = XCConfigurationList;
			buildConfigurations = (
				341E9B9D2B03629900997FE9 /* Debug */,
				341E9B9E2B03629900997FE9 /* Release */,
			);
			defaultConfigurationIsVisible = 0;
			defaultConfigurationName = Release;
		};
/* End XCConfigurationList section */
	};
	rootObject = 341E9B802B03629800997FE9 /* Project object */;
}
